
Microsoft Visual Studio Solution File, Format Version 12.00
# Visual Studio Version 17
VisualStudioVersion = 17.6.33801.468
MinimumVisualStudioVersion = 10.0.40219.1
Project("{9A19103F-16F7-4668-BE54-9A1E7A4F7556}") = "CertificateTask", "..\..\Code\CertificateTask\CertificateTask.csproj", "{153A8D61-1C67-47DF-948E-80E598BBE738}"
EndProject
Project("{9A19103F-16F7-4668-BE54-9A1E7A4F7556}") = "Playground", "..\..\Code\Playground\Playground.csproj", "{780D5126-0232-40F0-AFD6-B27C07C73C30}"
EndProject
Project("{9A19103F-16F7-4668-BE54-9A1E7A4F7556}") = "Wordle", "..\..\Code\Wordle\Wordle.csproj", "{0FF15906-BEE6-490D-B467-458E932CCA66}"
EndProject
Project("{9A19103F-16F7-4668-BE54-9A1E7A4F7556}") = "WinterChallenge2023", "..\..\Code\WinterChallenge2023\WinterChallenge2023.csproj", "{915E6C55-0841-4E4E-BFE5-01FF9B988205}"
EndProject
Project("{9A19103F-16F7-4668-BE54-9A1E7A4F7556}") = "ShadowOfTheKnightEpisode1", "..\..\Code\ShadowOfTheKnightEpisode1\ShadowOfTheKnightEpisode1.csproj", "{63A84DF7-A655-4F2D-BCB7-C442ACE2A2D5}"
EndProject
Project("{FAE04EC0-301F-11D3-BF4B-00C04F79EFBC}") = "NetworkCabling", "..\..\Code\NetworkCabling\NetworkCabling.csproj", "{9411395D-B2D7-4900-8B3A-B8BA1DB43CDE}"
EndProject
Project("{FAE04EC0-301F-11D3-BF4B-00C04F79EFBC}") = "Temperatures", "..\..\Code\Temperatures\Temperatures.csproj", "{B0AFCC61-F0C5-4829-815E-4B1766AEB906}"
EndProject
Global
	GlobalSection(SolutionConfigurationPlatforms) = preSolution
		Debug|Any CPU = Debug|Any CPU
		Release|Any CPU = Release|Any CPU
	EndGlobalSection
	GlobalSection(ProjectConfigurationPlatforms) = postSolution
		{153A8D61-1C67-47DF-948E-80E598BBE738}.Debug|Any CPU.ActiveCfg = Debug|Any CPU
		{153A8D61-1C67-47DF-948E-80E598BBE738}.Debug|Any CPU.Build.0 = Debug|Any CPU
		{153A8D61-1C67-47DF-948E-80E598BBE738}.Release|Any CPU.ActiveCfg = Release|Any CPU
		{153A8D61-1C67-47DF-948E-80E598BBE738}.Release|Any CPU.Build.0 = Release|Any CPU
		{780D5126-0232-40F0-AFD6-B27C07C73C30}.Debug|Any CPU.ActiveCfg = Debug|Any CPU
		{780D5126-0232-40F0-AFD6-B27C07C73C30}.Debug|Any CPU.Build.0 = Debug|Any CPU
		{780D5126-0232-40F0-AFD6-B27C07C73C30}.Release|Any CPU.ActiveCfg = Release|Any CPU
		{780D5126-0232-40F0-AFD6-B27C07C73C30}.Release|Any CPU.Build.0 = Release|Any CPU
		{0FF15906-BEE6-490D-B467-458E932CCA66}.Debug|Any CPU.ActiveCfg = Debug|Any CPU
		{0FF15906-BEE6-490D-B467-458E932CCA66}.Debug|Any CPU.Build.0 = Debug|Any CPU
		{0FF15906-BEE6-490D-B467-458E932CCA66}.Release|Any CPU.ActiveCfg = Release|Any CPU
		{0FF15906-BEE6-490D-B467-458E932CCA66}.Release|Any CPU.Build.0 = Release|Any CPU
		{915E6C55-0841-4E4E-BFE5-01FF9B988205}.Debug|Any CPU.ActiveCfg = Debug|Any CPU
		{915E6C55-0841-4E4E-BFE5-01FF9B988205}.Debug|Any CPU.Build.0 = Debug|Any CPU
		{915E6C55-0841-4E4E-BFE5-01FF9B988205}.Release|Any CPU.ActiveCfg = Release|Any CPU
		{915E6C55-0841-4E4E-BFE5-01FF9B988205}.Release|Any CPU.Build.0 = Release|Any CPU
		{63A84DF7-A655-4F2D-BCB7-C442ACE2A2D5}.Debug|Any CPU.ActiveCfg = Debug|Any CPU
		{63A84DF7-A655-4F2D-BCB7-C442ACE2A2D5}.Debug|Any CPU.Build.0 = Debug|Any CPU
		{63A84DF7-A655-4F2D-BCB7-C442ACE2A2D5}.Release|Any CPU.ActiveCfg = Release|Any CPU
		{63A84DF7-A655-4F2D-BCB7-C442ACE2A2D5}.Release|Any CPU.Build.0 = Release|Any CPU
		{9411395D-B2D7-4900-8B3A-B8BA1DB43CDE}.Debug|Any CPU.ActiveCfg = Debug|Any CPU
		{9411395D-B2D7-4900-8B3A-B8BA1DB43CDE}.Debug|Any CPU.Build.0 = Debug|Any CPU
		{9411395D-B2D7-4900-8B3A-B8BA1DB43CDE}.Release|Any CPU.ActiveCfg = Release|Any CPU
		{9411395D-B2D7-4900-8B3A-B8BA1DB43CDE}.Release|Any CPU.Build.0 = Release|Any CPU
		{B0AFCC61-F0C5-4829-815E-4B1766AEB906}.Debug|Any CPU.ActiveCfg = Debug|Any CPU
		{B0AFCC61-F0C5-4829-815E-4B1766AEB906}.Debug|Any CPU.Build.0 = Debug|Any CPU
		{B0AFCC61-F0C5-4829-815E-4B1766AEB906}.Release|Any CPU.ActiveCfg = Release|Any CPU
		{B0AFCC61-F0C5-4829-815E-4B1766AEB906}.Release|Any CPU.Build.0 = Release|Any CPU
	EndGlobalSection
	GlobalSection(SolutionProperties) = preSolution
		HideSolutionNode = FALSE
	EndGlobalSection
	GlobalSection(ExtensibilityGlobals) = postSolution
		SolutionGuid = {E15B9976-2D3A-456F-B456-3EB7035295F6}
	EndGlobalSection
EndGlobal
