
Microsoft Visual Studio Solution File, Format Version 12.00
# Visual Studio Version 17
VisualStudioVersion = 17.6.33801.468
MinimumVisualStudioVersion = 10.0.40219.1
Project("{FAE04EC0-301F-11D3-BF4B-00C04F79EFBC}") = "CodeFileMergeApplication", "..\Code\Other\CodeFileMergeApplication\CodeFileMergeApplication.csproj", "{0CE16349-DC18-42AA-AF28-62B12A046C4A}"
EndProject
Project("{2150E333-8FDC-42A3-9474-1A3956D46DE8}") = "Other", "Other", "{52194224-1DA6-4241-8174-AC5A759F5D29}"
EndProject
Global
	GlobalSection(SolutionConfigurationPlatforms) = preSolution
		Debug|Any CPU = Debug|Any CPU
		Release|Any CPU = Release|Any CPU
	EndGlobalSection
	GlobalSection(ProjectConfigurationPlatforms) = postSolution
		{0CE16349-DC18-42AA-AF28-62B12A046C4A}.Debug|Any CPU.ActiveCfg = Debug|Any CPU
		{0CE16349-DC18-42AA-AF28-62B12A046C4A}.Debug|Any CPU.Build.0 = Debug|Any CPU
		{0CE16349-DC18-42AA-AF28-62B12A046C4A}.Release|Any CPU.ActiveCfg = Release|Any CPU
		{0CE16349-DC18-42AA-AF28-62B12A046C4A}.Release|Any CPU.Build.0 = Release|Any CPU
	EndGlobalSection
	GlobalSection(SolutionProperties) = preSolution
		HideSolutionNode = FALSE
	EndGlobalSection
	GlobalSection(NestedProjects) = preSolution
		{0CE16349-DC18-42AA-AF28-62B12A046C4A} = {52194224-1DA6-4241-8174-AC5A759F5D29}
	EndGlobalSection
	GlobalSection(ExtensibilityGlobals) = postSolution
		SolutionGuid = {E15B9976-2D3A-456F-B456-3EB7035295F6}
	EndGlobalSection
EndGlobal
