
Microsoft Visual Studio Solution File, Format Version 12.00
# Visual Studio Version 17
VisualStudioVersion = 17.6.33801.468
MinimumVisualStudioVersion = 10.0.40219.1
Project("{FAE04EC0-301F-11D3-BF4B-00C04F79EFBC}") = "CertificateTask", "..\..\Code\CertificateTask\CertificateTask.csproj", "{153A8D61-1C67-47DF-948E-80E598BBE738}"
EndProject
Global
	GlobalSection(SolutionConfigurationPlatforms) = preSolution
		Debug|Any CPU = Debug|Any CPU
		Release|Any CPU = Release|Any CPU
	EndGlobalSection
	GlobalSection(ProjectConfigurationPlatforms) = postSolution
		{153A8D61-1C67-47DF-948E-80E598BBE738}.Debug|Any CPU.ActiveCfg = Debug|Any CPU
		{153A8D61-1C67-47DF-948E-80E598BBE738}.Debug|Any CPU.Build.0 = Debug|Any CPU
		{153A8D61-1C67-47DF-948E-80E598BBE738}.Release|Any CPU.ActiveCfg = Release|Any CPU
		{153A8D61-1C67-47DF-948E-80E598BBE738}.Release|Any CPU.Build.0 = Release|Any CPU
	EndGlobalSection
	GlobalSection(SolutionProperties) = preSolution
		HideSolutionNode = FALSE
	EndGlobalSection
	GlobalSection(ExtensibilityGlobals) = postSolution
		SolutionGuid = {E15B9976-2D3A-456F-B456-3EB7035295F6}
	EndGlobalSection
EndGlobal
